
Microsoft Visual Studio Solution File, Format Version 12.00
# Visual Studio Version 17
VisualStudioVersion = 17.12.35707.178 d17.12
MinimumVisualStudioVersion = 10.0.40219.1
Project("{FAE04EC0-301F-11D3-BF4B-00C04F79EFBC}") = "21_1_2025", "21_1_2025\21_1_2025.csproj", "{3C61FD1B-C9A3-4F59-9ED2-4A727FFA3FE7}"
EndProject
Project("{FAE04EC0-301F-11D3-BF4B-00C04F79EFBC}") = "22_1_2025", "22_1_2025\22_1_2025.csproj", "{4F19B558-2A14-44E7-8B39-5DDBD4096A86}"
EndProject
Project("{FAE04EC0-301F-11D3-BF4B-00C04F79EFBC}") = "20-1-2025", "20-1-2025\20-1-2025.csproj", "{2212FB75-3279-45B4-80A8-F357C17D8EF8}"
EndProject
Project("{FAE04EC0-301F-11D3-BF4B-00C04F79EFBC}") = "19-1-2025", "19-1-2025\19-1-2025.csproj", "{BE551F98-0A82-4F88-A123-A7880CFF46E2}"
EndProject
Global
	GlobalSection(SolutionConfigurationPlatforms) = preSolution
		Debug|Any CPU = Debug|Any CPU
		Release|Any CPU = Release|Any CPU
	EndGlobalSection
	GlobalSection(ProjectConfigurationPlatforms) = postSolution
		{3C61FD1B-C9A3-4F59-9ED2-4A727FFA3FE7}.Debug|Any CPU.ActiveCfg = Debug|Any CPU
		{3C61FD1B-C9A3-4F59-9ED2-4A727FFA3FE7}.Debug|Any CPU.Build.0 = Debug|Any CPU
		{3C61FD1B-C9A3-4F59-9ED2-4A727FFA3FE7}.Release|Any CPU.ActiveCfg = Release|Any CPU
		{3C61FD1B-C9A3-4F59-9ED2-4A727FFA3FE7}.Release|Any CPU.Build.0 = Release|Any CPU
		{4F19B558-2A14-44E7-8B39-5DDBD4096A86}.Debug|Any CPU.ActiveCfg = Debug|Any CPU
		{4F19B558-2A14-44E7-8B39-5DDBD4096A86}.Debug|Any CPU.Build.0 = Debug|Any CPU
		{4F19B558-2A14-44E7-8B39-5DDBD4096A86}.Release|Any CPU.ActiveCfg = Release|Any CPU
		{4F19B558-2A14-44E7-8B39-5DDBD4096A86}.Release|Any CPU.Build.0 = Release|Any CPU
		{2212FB75-3279-45B4-80A8-F357C17D8EF8}.Debug|Any CPU.ActiveCfg = Debug|Any CPU
		{2212FB75-3279-45B4-80A8-F357C17D8EF8}.Debug|Any CPU.Build.0 = Debug|Any CPU
		{2212FB75-3279-45B4-80A8-F357C17D8EF8}.Release|Any CPU.ActiveCfg = Release|Any CPU
		{2212FB75-3279-45B4-80A8-F357C17D8EF8}.Release|Any CPU.Build.0 = Release|Any CPU
		{BE551F98-0A82-4F88-A123-A7880CFF46E2}.Debug|Any CPU.ActiveCfg = Debug|Any CPU
		{BE551F98-0A82-4F88-A123-A7880CFF46E2}.Debug|Any CPU.Build.0 = Debug|Any CPU
		{BE551F98-0A82-4F88-A123-A7880CFF46E2}.Release|Any CPU.ActiveCfg = Release|Any CPU
		{BE551F98-0A82-4F88-A123-A7880CFF46E2}.Release|Any CPU.Build.0 = Release|Any CPU
	EndGlobalSection
	GlobalSection(SolutionProperties) = preSolution
		HideSolutionNode = FALSE
	EndGlobalSection
EndGlobal
